
Microsoft Visual Studio Solution File, Format Version 12.00
# Visual Studio Version 16
VisualStudioVersion = 16.0.32126.315
MinimumVisualStudioVersion = 10.0.40219.1
Project("{9A19103F-16F7-4668-BE54-9A1E7A4F7556}") = "ContosoEventApi", "ContosoEventApi\ContosoEventApi.csproj", "{F367277D-0246-4B52-B3B6-291EF348E32C}"
EndProject
Project("{9A19103F-16F7-4668-BE54-9A1E7A4F7556}") = "ContosoEventApi.Model", "ContosoEventApi.Model\ContosoEventApi.Model.csproj", "{C5BA2287-39D7-4345-9B05-4078F87C8DC4}"
EndProject
Project("{9A19103F-16F7-4668-BE54-9A1E7A4F7556}") = "ContosoEventApi.Tests", "ContosoEventApi.Tests\ContosoEventApi.Tests.csproj", "{C4BAC4BA-143D-47D3-AD47-EE17681748F1}"
EndProject
Global
	GlobalSection(SolutionConfigurationPlatforms) = preSolution
		Debug|Any CPU = Debug|Any CPU
		Release|Any CPU = Release|Any CPU
	EndGlobalSection
	GlobalSection(ProjectConfigurationPlatforms) = postSolution
		{F367277D-0246-4B52-B3B6-291EF348E32C}.Debug|Any CPU.ActiveCfg = Debug|Any CPU
		{F367277D-0246-4B52-B3B6-291EF348E32C}.Debug|Any CPU.Build.0 = Debug|Any CPU
		{F367277D-0246-4B52-B3B6-291EF348E32C}.Release|Any CPU.ActiveCfg = Release|Any CPU
		{F367277D-0246-4B52-B3B6-291EF348E32C}.Release|Any CPU.Build.0 = Release|Any CPU
		{C5BA2287-39D7-4345-9B05-4078F87C8DC4}.Debug|Any CPU.ActiveCfg = Debug|Any CPU
		{C5BA2287-39D7-4345-9B05-4078F87C8DC4}.Debug|Any CPU.Build.0 = Debug|Any CPU
		{C5BA2287-39D7-4345-9B05-4078F87C8DC4}.Release|Any CPU.ActiveCfg = Release|Any CPU
		{C5BA2287-39D7-4345-9B05-4078F87C8DC4}.Release|Any CPU.Build.0 = Release|Any CPU
		{C4BAC4BA-143D-47D3-AD47-EE17681748F1}.Debug|Any CPU.ActiveCfg = Debug|Any CPU
		{C4BAC4BA-143D-47D3-AD47-EE17681748F1}.Debug|Any CPU.Build.0 = Debug|Any CPU
		{C4BAC4BA-143D-47D3-AD47-EE17681748F1}.Release|Any CPU.ActiveCfg = Release|Any CPU
		{C4BAC4BA-143D-47D3-AD47-EE17681748F1}.Release|Any CPU.Build.0 = Release|Any CPU
	EndGlobalSection
	GlobalSection(SolutionProperties) = preSolution
		HideSolutionNode = FALSE
	EndGlobalSection
	GlobalSection(ExtensibilityGlobals) = postSolution
		SolutionGuid = {E2E00208-EF79-4E48-A091-5B1E9BEE912C}
	EndGlobalSection
EndGlobal
